
Microsoft Visual Studio Solution File, Format Version 12.00
# Visual Studio Version 17
VisualStudioVersion = 17.14.37111.16 d17.14
MinimumVisualStudioVersion = 10.0.40219.1
Project("{FAE04EC0-301F-11D3-BF4B-00C04F79EFBC}") = "TEST2", "TEST2\TEST2.csproj", "{3B952E56-64A8-4B57-A593-E941763C53FB}"
EndProject
Global
	GlobalSection(SolutionConfigurationPlatforms) = preSolution
		Debug|Any CPU = Debug|Any CPU
		Release|Any CPU = Release|Any CPU
	EndGlobalSection
	GlobalSection(ProjectConfigurationPlatforms) = postSolution
		{3B952E56-64A8-4B57-A593-E941763C53FB}.Debug|Any CPU.ActiveCfg = Debug|Any CPU
		{3B952E56-64A8-4B57-A593-E941763C53FB}.Debug|Any CPU.Build.0 = Debug|Any CPU
		{3B952E56-64A8-4B57-A593-E941763C53FB}.Release|Any CPU.ActiveCfg = Release|Any CPU
		{3B952E56-64A8-4B57-A593-E941763C53FB}.Release|Any CPU.Build.0 = Release|Any CPU
	EndGlobalSection
	GlobalSection(SolutionProperties) = preSolution
		HideSolutionNode = FALSE
	EndGlobalSection
	GlobalSection(ExtensibilityGlobals) = postSolution
		SolutionGuid = {C108CAD5-9FE5-4D18-B726-04C8384205AC}
	EndGlobalSection
EndGlobal
